
Microsoft Visual Studio Solution File, Format Version 12.00
# Visual Studio Version 16
VisualStudioVersion = 16.0.29920.165
MinimumVisualStudioVersion = 10.0.40219.1
Project("{FAE04EC0-301F-11D3-BF4B-00C04F79EFBC}") = "01.ReverseString", "01.ReverseString\01.ReverseString.csproj", "{D9F251E7-2E87-45F8-89EF-9DE2B22FA8C8}"
EndProject
Project("{FAE04EC0-301F-11D3-BF4B-00C04F79EFBC}") = "02.StackSum", "02.StackSum\02.StackSum.csproj", "{6B804F98-0515-41C8-84A2-A6E227828A33}"
EndProject
Global
	GlobalSection(SolutionConfigurationPlatforms) = preSolution
		Debug|Any CPU = Debug|Any CPU
		Release|Any CPU = Release|Any CPU
	EndGlobalSection
	GlobalSection(ProjectConfigurationPlatforms) = postSolution
		{D9F251E7-2E87-45F8-89EF-9DE2B22FA8C8}.Debug|Any CPU.ActiveCfg = Debug|Any CPU
		{D9F251E7-2E87-45F8-89EF-9DE2B22FA8C8}.Debug|Any CPU.Build.0 = Debug|Any CPU
		{D9F251E7-2E87-45F8-89EF-9DE2B22FA8C8}.Release|Any CPU.ActiveCfg = Release|Any CPU
		{D9F251E7-2E87-45F8-89EF-9DE2B22FA8C8}.Release|Any CPU.Build.0 = Release|Any CPU
		{6B804F98-0515-41C8-84A2-A6E227828A33}.Debug|Any CPU.ActiveCfg = Debug|Any CPU
		{6B804F98-0515-41C8-84A2-A6E227828A33}.Debug|Any CPU.Build.0 = Debug|Any CPU
		{6B804F98-0515-41C8-84A2-A6E227828A33}.Release|Any CPU.ActiveCfg = Release|Any CPU
		{6B804F98-0515-41C8-84A2-A6E227828A33}.Release|Any CPU.Build.0 = Release|Any CPU
	EndGlobalSection
	GlobalSection(SolutionProperties) = preSolution
		HideSolutionNode = FALSE
	EndGlobalSection
	GlobalSection(ExtensibilityGlobals) = postSolution
		SolutionGuid = {EE29BB62-CBBD-44EC-8749-4353D073FF3F}
	EndGlobalSection
EndGlobal
