
Microsoft Visual Studio Solution File, Format Version 12.00
# Visual Studio Version 16
VisualStudioVersion = 16.0.29920.165
MinimumVisualStudioVersion = 10.0.40219.1
Project("{FAE04EC0-301F-11D3-BF4B-00C04F79EFBC}") = "01.SwapIfGrater", "01.SwapIfGrater\01.SwapIfGrater.csproj", "{81D5E02A-DB6F-465B-8C1B-2AB10C861DEC}"
EndProject
Project("{FAE04EC0-301F-11D3-BF4B-00C04F79EFBC}") = "02.BonusScore", "02.BonusScore\02.BonusScore.csproj", "{D0AD22DB-3FA3-4F18-8683-316FB7F30770}"
EndProject
Project("{FAE04EC0-301F-11D3-BF4B-00C04F79EFBC}") = "03.CheckForPlayCard", "03.CheckForPlayCard\03.CheckForPlayCard.csproj", "{6177E5F6-E3A2-443B-BA65-D7E6971FE3E7}"
EndProject
Global
	GlobalSection(SolutionConfigurationPlatforms) = preSolution
		Debug|Any CPU = Debug|Any CPU
		Release|Any CPU = Release|Any CPU
	EndGlobalSection
	GlobalSection(ProjectConfigurationPlatforms) = postSolution
		{81D5E02A-DB6F-465B-8C1B-2AB10C861DEC}.Debug|Any CPU.ActiveCfg = Debug|Any CPU
		{81D5E02A-DB6F-465B-8C1B-2AB10C861DEC}.Debug|Any CPU.Build.0 = Debug|Any CPU
		{81D5E02A-DB6F-465B-8C1B-2AB10C861DEC}.Release|Any CPU.ActiveCfg = Release|Any CPU
		{81D5E02A-DB6F-465B-8C1B-2AB10C861DEC}.Release|Any CPU.Build.0 = Release|Any CPU
		{D0AD22DB-3FA3-4F18-8683-316FB7F30770}.Debug|Any CPU.ActiveCfg = Debug|Any CPU
		{D0AD22DB-3FA3-4F18-8683-316FB7F30770}.Debug|Any CPU.Build.0 = Debug|Any CPU
		{D0AD22DB-3FA3-4F18-8683-316FB7F30770}.Release|Any CPU.ActiveCfg = Release|Any CPU
		{D0AD22DB-3FA3-4F18-8683-316FB7F30770}.Release|Any CPU.Build.0 = Release|Any CPU
		{6177E5F6-E3A2-443B-BA65-D7E6971FE3E7}.Debug|Any CPU.ActiveCfg = Debug|Any CPU
		{6177E5F6-E3A2-443B-BA65-D7E6971FE3E7}.Debug|Any CPU.Build.0 = Debug|Any CPU
		{6177E5F6-E3A2-443B-BA65-D7E6971FE3E7}.Release|Any CPU.ActiveCfg = Release|Any CPU
		{6177E5F6-E3A2-443B-BA65-D7E6971FE3E7}.Release|Any CPU.Build.0 = Release|Any CPU
	EndGlobalSection
	GlobalSection(SolutionProperties) = preSolution
		HideSolutionNode = FALSE
	EndGlobalSection
	GlobalSection(ExtensibilityGlobals) = postSolution
		SolutionGuid = {54C74A45-8C23-417C-A223-C6FE5A4FDD63}
	EndGlobalSection
EndGlobal
